
Microsoft Visual Studio Solution File, Format Version 12.00
# Visual Studio Version 17
VisualStudioVersion = 17.7.34024.191
MinimumVisualStudioVersion = 10.0.40219.1
Project("{FAE04EC0-301F-11D3-BF4B-00C04F79EFBC}") = "DS-Proj", "DS-Proj\DS-Proj.csproj", "{4C83A59B-0F44-4912-9113-CF59C7FAED7D}"
EndProject
Global
	GlobalSection(SolutionConfigurationPlatforms) = preSolution
		Debug|Any CPU = Debug|Any CPU
		Release|Any CPU = Release|Any CPU
	EndGlobalSection
	GlobalSection(ProjectConfigurationPlatforms) = postSolution
		{4C83A59B-0F44-4912-9113-CF59C7FAED7D}.Debug|Any CPU.ActiveCfg = Debug|Any CPU
		{4C83A59B-0F44-4912-9113-CF59C7FAED7D}.Debug|Any CPU.Build.0 = Debug|Any CPU
		{4C83A59B-0F44-4912-9113-CF59C7FAED7D}.Release|Any CPU.ActiveCfg = Release|Any CPU
		{4C83A59B-0F44-4912-9113-CF59C7FAED7D}.Release|Any CPU.Build.0 = Release|Any CPU
	EndGlobalSection
	GlobalSection(SolutionProperties) = preSolution
		HideSolutionNode = FALSE
	EndGlobalSection
	GlobalSection(ExtensibilityGlobals) = postSolution
		SolutionGuid = {08EE5C96-ECD7-4369-8B91-FF7C37374428}
	EndGlobalSection
EndGlobal
